# THIS IS AN AUTOGENERATED FILE. DO NOT EDIT THIS FILE DIRECTLY.
# yarn lockfile v1


countup.js@^2.6.0:
  version "2.6.0"
  resolved "https://registry.yarnpkg.com/countup.js/-/countup.js-2.6.0.tgz#db25f37653c5ee996b4dfa03d1ab2f430c903fd1"
  integrity sha512-GeORCrCcaFUHP3RNf0/dWK+XQX+fsdtrMO31mNvsbKXNNG+DMTcgZ4dWpIG9BnOS8t5+iJbaRXgaaG9oLs0N4g==
